{
    "name": "tsgraphql",
    "version": "1.0.0",
    "lockfileVersion": 1,
    "requires": true,
    "dependencies": {
        "@types/graphql": {
            "version": "14.0.5",
            "resolved": "https://registry.npmjs.org/@types/graphql/-/graphql-14.0.5.tgz",
            "integrity": "sha512-bwGYLE0SRy5ZraC91dqI2bxbspfm10kyJ2Yjuvk4OjdGznh7fkoWW+xXZHfFydJaqu9syZi099cpiZw3GlPDiA=="
        },
        "@types/node": {
            "version": "10.12.18",
            "resolved": "https://registry.npmjs.org/@types/node/-/node-10.12.18.tgz",
            "integrity": "sha512-fh+pAqt4xRzPfqA6eh3Z2y6fyZavRIumvjhaCL753+TVkGKGhpPeyrJG2JftD0T9q4GF00KjefsQ+PQNDdWQaQ=="
        },
        "graphql": {
            "version": "14.1.1",
            "resolved": "https://registry.npmjs.org/graphql/-/graphql-14.1.1.tgz",
            "integrity": "sha512-C5zDzLqvfPAgTtP8AUPIt9keDabrdRAqSWjj2OPRKrKxI9Fb65I36s1uCs1UUBFnSWTdO7hyHi7z1ZbwKMKF6Q==",
            "requires": {
                "iterall": "^1.2.2"
            }
        },
        "iterall": {
            "version": "1.2.2",
            "resolved": "https://registry.npmjs.org/iterall/-/iterall-1.2.2.tgz",
            "integrity": "sha512-yynBb1g+RFUPY64fTrFv7nsjRrENBQJaX2UL+2Szc9REFrSNm1rpSXHGzhmAy7a9uv3vlvgBlXnf9RqmPH1/DA=="
        },
        "typescript": {
            "version": "3.2.4",
            "resolved": "https://registry.npmjs.org/typescript/-/typescript-3.2.4.tgz",
            "integrity": "sha512-0RNDbSdEokBeEAkgNbxJ+BLwSManFy9TeXz8uW+48j/xhEXv1ePME60olyzw2XzUqUBNAYFeJadIqAgNqIACwg=="
        }
    }
}
